
Microsoft Visual Studio Solution File, Format Version 12.00
# Visual Studio Version 17
VisualStudioVersion = 17.9.34616.47
MinimumVisualStudioVersion = 10.0.40219.1
Project("{9A19103F-16F7-4668-BE54-9A1E7A4F7556}") = "Model", "Model\Model.csproj", "{E1BEC34F-2A40-4046-A56F-8C29D0E7F844}"
EndProject
Project("{9A19103F-16F7-4668-BE54-9A1E7A4F7556}") = "DAL", "DAL\DAL.csproj", "{199349FC-5B91-441F-91B3-56A360173232}"
EndProject
Project("{9A19103F-16F7-4668-BE54-9A1E7A4F7556}") = "Service", "Service\Service.csproj", "{9BFDA728-CAF5-4E54-87F2-558CDDC3CCE4}"
EndProject
Project("{2150E333-8FDC-42A3-9474-1A3956D46DE8}") = "Solution Items", "Solution Items", "{73AF7D4D-3222-41E1-A3CE-87969A840CBE}"
	ProjectSection(SolutionItems) = preProject
		App.config = App.config
	EndProjectSection
EndProject
Global
	GlobalSection(SolutionConfigurationPlatforms) = preSolution
		Debug|Any CPU = Debug|Any CPU
		Release|Any CPU = Release|Any CPU
	EndGlobalSection
	GlobalSection(ProjectConfigurationPlatforms) = postSolution
		{E1BEC34F-2A40-4046-A56F-8C29D0E7F844}.Debug|Any CPU.ActiveCfg = Debug|Any CPU
		{E1BEC34F-2A40-4046-A56F-8C29D0E7F844}.Debug|Any CPU.Build.0 = Debug|Any CPU
		{E1BEC34F-2A40-4046-A56F-8C29D0E7F844}.Release|Any CPU.ActiveCfg = Release|Any CPU
		{E1BEC34F-2A40-4046-A56F-8C29D0E7F844}.Release|Any CPU.Build.0 = Release|Any CPU
		{199349FC-5B91-441F-91B3-56A360173232}.Debug|Any CPU.ActiveCfg = Debug|Any CPU
		{199349FC-5B91-441F-91B3-56A360173232}.Debug|Any CPU.Build.0 = Debug|Any CPU
		{199349FC-5B91-441F-91B3-56A360173232}.Release|Any CPU.ActiveCfg = Release|Any CPU
		{199349FC-5B91-441F-91B3-56A360173232}.Release|Any CPU.Build.0 = Release|Any CPU
		{9BFDA728-CAF5-4E54-87F2-558CDDC3CCE4}.Debug|Any CPU.ActiveCfg = Debug|Any CPU
		{9BFDA728-CAF5-4E54-87F2-558CDDC3CCE4}.Debug|Any CPU.Build.0 = Debug|Any CPU
		{9BFDA728-CAF5-4E54-87F2-558CDDC3CCE4}.Release|Any CPU.ActiveCfg = Release|Any CPU
		{9BFDA728-CAF5-4E54-87F2-558CDDC3CCE4}.Release|Any CPU.Build.0 = Release|Any CPU
	EndGlobalSection
	GlobalSection(SolutionProperties) = preSolution
		HideSolutionNode = FALSE
	EndGlobalSection
	GlobalSection(ExtensibilityGlobals) = postSolution
		SolutionGuid = {5FC5EBF4-6167-4827-80CA-46A17FC04412}
	EndGlobalSection
EndGlobal
